// !$*UTF8*$!
{
	archiveVersion = 1;
	classes = {
	};
	objectVersion = 46;
	objects = {

/* Begin PBXBuildFile section */
		7BC13840EC30D5F640FD8528 /* libPods.a in Frameworks */ = {isa = PBXBuildFile; fileRef = E3376DDED2159C16291D2C62 /* libPods.a */; };
		901614611C96C16500B0870D /* CarouselView.m in Sources */ = {isa = PBXBuildFile; fileRef = 901614601C96C16500B0870D /* CarouselView.m */; };
		9054FF891C85A285003449B7 /* main.m in Sources */ = {isa = PBXBuildFile; fileRef = 9054FF881C85A285003449B7 /* main.m */; };
		9054FF8C1C85A285003449B7 /* AppDelegate.m in Sources */ = {isa = PBXBuildFile; fileRef = 9054FF8B1C85A285003449B7 /* AppDelegate.m */; };
		9054FF8F1C85A285003449B7 /* ViewController.m in Sources */ = {isa = PBXBuildFile; fileRef = 9054FF8E1C85A285003449B7 /* ViewController.m */; };
		9054FF921C85A285003449B7 /* Main.storyboard in Resources */ = {isa = PBXBuildFile; fileRef = 9054FF901C85A285003449B7 /* Main.storyboard */; };
		9054FF941C85A285003449B7 /* Assets.xcassets in Resources */ = {isa = PBXBuildFile; fileRef = 9054FF931C85A285003449B7 /* Assets.xcassets */; };
		90877E9E1C898625004F8C52 /* TMKAppTV.xcdatamodeld in Sources */ = {isa = PBXBuildFile; fileRef = 90877E9C1C898625004F8C52 /* TMKAppTV.xcdatamodeld */; };
		90877EAE1C89888B004F8C52 /* DatabaseManager.m in Sources */ = {isa = PBXBuildFile; fileRef = 90877EAD1C89888B004F8C52 /* DatabaseManager.m */; };
		90877EC31C898D49004F8C52 /* NSManagedObject+extension.m in Sources */ = {isa = PBXBuildFile; fileRef = 90877EC21C898D49004F8C52 /* NSManagedObject+extension.m */; };
		90877EC71C89C0A4004F8C52 /* DetailViewController.m in Sources */ = {isa = PBXBuildFile; fileRef = 90877EC61C89C0A4004F8C52 /* DetailViewController.m */; };
		908993111C888B0A005ABDA3 /* ParserManager.m in Sources */ = {isa = PBXBuildFile; fileRef = 908993101C888B0A005ABDA3 /* ParserManager.m */; };
		909926311C96E74E006A7741 /* ContentViewCell.m in Sources */ = {isa = PBXBuildFile; fileRef = 9099262F1C96E74E006A7741 /* ContentViewCell.m */; };
		909926341C96E78E006A7741 /* CategoryReusableView.m in Sources */ = {isa = PBXBuildFile; fileRef = 909926331C96E78E006A7741 /* CategoryReusableView.m */; };
		909926371C97094D006A7741 /* UIView+Constraint.m in Sources */ = {isa = PBXBuildFile; fileRef = 909926361C97094D006A7741 /* UIView+Constraint.m */; };
		90D913781C870AF0005E5972 /* Core.m in Sources */ = {isa = PBXBuildFile; fileRef = 90D913771C870AF0005E5972 /* Core.m */; };
		90D9137E1C870CC4005E5972 /* HTTPClient.m in Sources */ = {isa = PBXBuildFile; fileRef = 90D9137D1C870CC4005E5972 /* HTTPClient.m */; };
		90E0E9DC1C96CC3600C6D4AC /* Event+CoreDataProperties.m in Sources */ = {isa = PBXBuildFile; fileRef = 90E0E9D11C96CC3600C6D4AC /* Event+CoreDataProperties.m */; };
		90E0E9DD1C96CC3600C6D4AC /* Event.m in Sources */ = {isa = PBXBuildFile; fileRef = 90E0E9D31C96CC3600C6D4AC /* Event.m */; };
		90E0E9DE1C96CC3600C6D4AC /* Segment+CoreDataProperties.m in Sources */ = {isa = PBXBuildFile; fileRef = 90E0E9D51C96CC3600C6D4AC /* Segment+CoreDataProperties.m */; };
		90E0E9DF1C96CC3600C6D4AC /* Segment.m in Sources */ = {isa = PBXBuildFile; fileRef = 90E0E9D71C96CC3600C6D4AC /* Segment.m */; };
		90E0E9E01C96CC3600C6D4AC /* Genre+CoreDataProperties.m in Sources */ = {isa = PBXBuildFile; fileRef = 90E0E9D91C96CC3600C6D4AC /* Genre+CoreDataProperties.m */; };
		90E0E9E11C96CC3600C6D4AC /* Genre.m in Sources */ = {isa = PBXBuildFile; fileRef = 90E0E9DB1C96CC3600C6D4AC /* Genre.m */; };
/* End PBXBuildFile section */

/* Begin PBXFileReference section */
		808FE9801D8A83548E83BCDD /* Pods.release.xcconfig */ = {isa = PBXFileReference; includeInIndex = 1; lastKnownFileType = text.xcconfig; name = Pods.release.xcconfig; path = "Pods/Target Support Files/Pods/Pods.release.xcconfig"; sourceTree = "<group>"; };
		9016145F1C96C16500B0870D /* CarouselView.h */ = {isa = PBXFileReference; fileEncoding = 4; lastKnownFileType = sourcecode.c.h; path = CarouselView.h; sourceTree = "<group>"; };
		901614601C96C16500B0870D /* CarouselView.m */ = {isa = PBXFileReference; fileEncoding = 4; lastKnownFileType = sourcecode.c.objc; path = CarouselView.m; sourceTree = "<group>"; };
		9054FF841C85A285003449B7 /* TMK_AppTV.app */ = {isa = PBXFileReference; explicitFileType = wrapper.application; includeInIndex = 0; path = TMK_AppTV.app; sourceTree = BUILT_PRODUCTS_DIR; };
		9054FF881C85A285003449B7 /* main.m */ = {isa = PBXFileReference; lastKnownFileType = sourcecode.c.objc; path = main.m; sourceTree = "<group>"; };
		9054FF8A1C85A285003449B7 /* AppDelegate.h */ = {isa = PBXFileReference; lastKnownFileType = sourcecode.c.h; path = AppDelegate.h; sourceTree = "<group>"; };
		9054FF8B1C85A285003449B7 /* AppDelegate.m */ = {isa = PBXFileReference; lastKnownFileType = sourcecode.c.objc; path = AppDelegate.m; sourceTree = "<group>"; };
		9054FF8D1C85A285003449B7 /* ViewController.h */ = {isa = PBXFileReference; lastKnownFileType = sourcecode.c.h; name = ViewController.h; path = TMK_AppTV/ViewController/ViewController.h; sourceTree = SOURCE_ROOT; };
		9054FF8E1C85A285003449B7 /* ViewController.m */ = {isa = PBXFileReference; lastKnownFileType = sourcecode.c.objc; name = ViewController.m; path = TMK_AppTV/ViewController/ViewController.m; sourceTree = SOURCE_ROOT; };
		9054FF911C85A285003449B7 /* Base */ = {isa = PBXFileReference; lastKnownFileType = file.storyboard; name = Base; path = Base.lproj/Main.storyboard; sourceTree = "<group>"; };
		9054FF931C85A285003449B7 /* Assets.xcassets */ = {isa = PBXFileReference; lastKnownFileType = folder.assetcatalog; path = Assets.xcassets; sourceTree = "<group>"; };
		9054FF951C85A285003449B7 /* Info.plist */ = {isa = PBXFileReference; lastKnownFileType = text.plist.xml; path = Info.plist; sourceTree = "<group>"; };
		90877E9D1C898625004F8C52 /* TMKAppTV.xcdatamodel */ = {isa = PBXFileReference; lastKnownFileType = wrapper.xcdatamodel; path = TMKAppTV.xcdatamodel; sourceTree = "<group>"; };
		90877EAC1C89888B004F8C52 /* DatabaseManager.h */ = {isa = PBXFileReference; fileEncoding = 4; lastKnownFileType = sourcecode.c.h; path = DatabaseManager.h; sourceTree = "<group>"; };
		90877EAD1C89888B004F8C52 /* DatabaseManager.m */ = {isa = PBXFileReference; fileEncoding = 4; lastKnownFileType = sourcecode.c.objc; path = DatabaseManager.m; sourceTree = "<group>"; };
		90877EC11C898D49004F8C52 /* NSManagedObject+extension.h */ = {isa = PBXFileReference; fileEncoding = 4; lastKnownFileType = sourcecode.c.h; path = "NSManagedObject+extension.h"; sourceTree = "<group>"; };
		90877EC21C898D49004F8C52 /* NSManagedObject+extension.m */ = {isa = PBXFileReference; fileEncoding = 4; lastKnownFileType = sourcecode.c.objc; path = "NSManagedObject+extension.m"; sourceTree = "<group>"; };
		90877EC51C89C0A4004F8C52 /* DetailViewController.h */ = {isa = PBXFileReference; fileEncoding = 4; lastKnownFileType = sourcecode.c.h; path = DetailViewController.h; sourceTree = "<group>"; };
		90877EC61C89C0A4004F8C52 /* DetailViewController.m */ = {isa = PBXFileReference; fileEncoding = 4; lastKnownFileType = sourcecode.c.objc; path = DetailViewController.m; sourceTree = "<group>"; };
		9089930F1C888B0A005ABDA3 /* ParserManager.h */ = {isa = PBXFileReference; fileEncoding = 4; lastKnownFileType = sourcecode.c.h; path = ParserManager.h; sourceTree = "<group>"; };
		908993101C888B0A005ABDA3 /* ParserManager.m */ = {isa = PBXFileReference; fileEncoding = 4; lastKnownFileType = sourcecode.c.objc; path = ParserManager.m; sourceTree = "<group>"; };
		9099262F1C96E74E006A7741 /* ContentViewCell.m */ = {isa = PBXFileReference; fileEncoding = 4; lastKnownFileType = sourcecode.c.objc; path = ContentViewCell.m; sourceTree = "<group>"; };
		909926301C96E74E006A7741 /* ContentViewCell.h */ = {isa = PBXFileReference; fileEncoding = 4; lastKnownFileType = sourcecode.c.h; path = ContentViewCell.h; sourceTree = "<group>"; };
		909926321C96E78E006A7741 /* CategoryReusableView.h */ = {isa = PBXFileReference; fileEncoding = 4; lastKnownFileType = sourcecode.c.h; path = CategoryReusableView.h; sourceTree = "<group>"; };
		909926331C96E78E006A7741 /* CategoryReusableView.m */ = {isa = PBXFileReference; fileEncoding = 4; lastKnownFileType = sourcecode.c.objc; path = CategoryReusableView.m; sourceTree = "<group>"; };
		909926351C97094D006A7741 /* UIView+Constraint.h */ = {isa = PBXFileReference; fileEncoding = 4; lastKnownFileType = sourcecode.c.h; path = "UIView+Constraint.h"; sourceTree = "<group>"; };
		909926361C97094D006A7741 /* UIView+Constraint.m */ = {isa = PBXFileReference; fileEncoding = 4; lastKnownFileType = sourcecode.c.objc; path = "UIView+Constraint.m"; sourceTree = "<group>"; };
		90D913761C870AF0005E5972 /* Core.h */ = {isa = PBXFileReference; fileEncoding = 4; lastKnownFileType = sourcecode.c.h; path = Core.h; sourceTree = "<group>"; };
		90D913771C870AF0005E5972 /* Core.m */ = {isa = PBXFileReference; fileEncoding = 4; lastKnownFileType = sourcecode.c.objc; path = Core.m; sourceTree = "<group>"; };
		90D9137C1C870CC4005E5972 /* HTTPClient.h */ = {isa = PBXFileReference; fileEncoding = 4; lastKnownFileType = sourcecode.c.h; path = HTTPClient.h; sourceTree = "<group>"; };
		90D9137D1C870CC4005E5972 /* HTTPClient.m */ = {isa = PBXFileReference; fileEncoding = 4; lastKnownFileType = sourcecode.c.objc; path = HTTPClient.m; sourceTree = "<group>"; };
		90E0E9D01C96CC3600C6D4AC /* Event+CoreDataProperties.h */ = {isa = PBXFileReference; fileEncoding = 4; lastKnownFileType = sourcecode.c.h; path = "Event+CoreDataProperties.h"; sourceTree = "<group>"; };
		90E0E9D11C96CC3600C6D4AC /* Event+CoreDataProperties.m */ = {isa = PBXFileReference; fileEncoding = 4; lastKnownFileType = sourcecode.c.objc; path = "Event+CoreDataProperties.m"; sourceTree = "<group>"; };
		90E0E9D21C96CC3600C6D4AC /* Event.h */ = {isa = PBXFileReference; fileEncoding = 4; lastKnownFileType = sourcecode.c.h; path = Event.h; sourceTree = "<group>"; };
		90E0E9D31C96CC3600C6D4AC /* Event.m */ = {isa = PBXFileReference; fileEncoding = 4; lastKnownFileType = sourcecode.c.objc; path = Event.m; sourceTree = "<group>"; };
		90E0E9D41C96CC3600C6D4AC /* Segment+CoreDataProperties.h */ = {isa = PBXFileReference; fileEncoding = 4; lastKnownFileType = sourcecode.c.h; path = "Segment+CoreDataProperties.h"; sourceTree = "<group>"; };
		90E0E9D51C96CC3600C6D4AC /* Segment+CoreDataProperties.m */ = {isa = PBXFileReference; fileEncoding = 4; lastKnownFileType = sourcecode.c.objc; path = "Segment+CoreDataProperties.m"; sourceTree = "<group>"; };
		90E0E9D61C96CC3600C6D4AC /* Segment.h */ = {isa = PBXFileReference; fileEncoding = 4; lastKnownFileType = sourcecode.c.h; path = Segment.h; sourceTree = "<group>"; };
		90E0E9D71C96CC3600C6D4AC /* Segment.m */ = {isa = PBXFileReference; fileEncoding = 4; lastKnownFileType = sourcecode.c.objc; path = Segment.m; sourceTree = "<group>"; };
		90E0E9D81C96CC3600C6D4AC /* Genre+CoreDataProperties.h */ = {isa = PBXFileReference; fileEncoding = 4; lastKnownFileType = sourcecode.c.h; path = "Genre+CoreDataProperties.h"; sourceTree = "<group>"; };
		90E0E9D91C96CC3600C6D4AC /* Genre+CoreDataProperties.m */ = {isa = PBXFileReference; fileEncoding = 4; lastKnownFileType = sourcecode.c.objc; path = "Genre+CoreDataProperties.m"; sourceTree = "<group>"; };
		90E0E9DA1C96CC3600C6D4AC /* Genre.h */ = {isa = PBXFileReference; fileEncoding = 4; lastKnownFileType = sourcecode.c.h; path = Genre.h; sourceTree = "<group>"; };
		90E0E9DB1C96CC3600C6D4AC /* Genre.m */ = {isa = PBXFileReference; fileEncoding = 4; lastKnownFileType = sourcecode.c.objc; path = Genre.m; sourceTree = "<group>"; };
		992292AEB8DF980C0D691F74 /* Pods.debug.xcconfig */ = {isa = PBXFileReference; includeInIndex = 1; lastKnownFileType = text.xcconfig; name = Pods.debug.xcconfig; path = "Pods/Target Support Files/Pods/Pods.debug.xcconfig"; sourceTree = "<group>"; };
		E3376DDED2159C16291D2C62 /* libPods.a */ = {isa = PBXFileReference; explicitFileType = archive.ar; includeInIndex = 0; path = libPods.a; sourceTree = BUILT_PRODUCTS_DIR; };
/* End PBXFileReference section */

/* Begin PBXFrameworksBuildPhase section */
		9054FF811C85A285003449B7 /* Frameworks */ = {
			isa = PBXFrameworksBuildPhase;
			buildActionMask = 2147483647;
			files = (
				7BC13840EC30D5F640FD8528 /* libPods.a in Frameworks */,
			);
			runOnlyForDeploymentPostprocessing = 0;
		};
/* End PBXFrameworksBuildPhase section */

/* Begin PBXGroup section */
		5517A4A150E1CD20DE39D967 /* Pods */ = {
			isa = PBXGroup;
			children = (
				992292AEB8DF980C0D691F74 /* Pods.debug.xcconfig */,
				808FE9801D8A83548E83BCDD /* Pods.release.xcconfig */,
			);
			name = Pods;
			sourceTree = "<group>";
		};
		672FE2DF7E3C2928E5FDD628 /* Frameworks */ = {
			isa = PBXGroup;
			children = (
				E3376DDED2159C16291D2C62 /* libPods.a */,
			);
			name = Frameworks;
			sourceTree = "<group>";
		};
		9016145E1C96C14A00B0870D /* carousel */ = {
			isa = PBXGroup;
			children = (
				9016145F1C96C16500B0870D /* CarouselView.h */,
				901614601C96C16500B0870D /* CarouselView.m */,
			);
			name = carousel;
			path = carusel;
			sourceTree = "<group>";
		};
		9054FF7B1C85A285003449B7 = {
			isa = PBXGroup;
			children = (
				9054FF861C85A285003449B7 /* TMK_AppTV */,
				9054FF851C85A285003449B7 /* Products */,
				5517A4A150E1CD20DE39D967 /* Pods */,
				672FE2DF7E3C2928E5FDD628 /* Frameworks */,
			);
			sourceTree = "<group>";
		};
		9054FF851C85A285003449B7 /* Products */ = {
			isa = PBXGroup;
			children = (
				9054FF841C85A285003449B7 /* TMK_AppTV.app */,
			);
			name = Products;
			sourceTree = "<group>";
		};
		9054FF861C85A285003449B7 /* TMK_AppTV */ = {
			isa = PBXGroup;
			children = (
				9054FF8A1C85A285003449B7 /* AppDelegate.h */,
				9054FF8B1C85A285003449B7 /* AppDelegate.m */,
				9054FF931C85A285003449B7 /* Assets.xcassets */,
				90D913741C870AB1005E5972 /* Core */,
				90D913751C870ABE005E5972 /* ViewController */,
				90877EC41C89C081004F8C52 /* DetailViewController */,
				9054FF901C85A285003449B7 /* Main.storyboard */,
				9054FF951C85A285003449B7 /* Info.plist */,
				9054FF871C85A285003449B7 /* Supporting Files */,
			);
			path = TMK_AppTV;
			sourceTree = "<group>";
		};
		9054FF871C85A285003449B7 /* Supporting Files */ = {
			isa = PBXGroup;
			children = (
				909926351C97094D006A7741 /* UIView+Constraint.h */,
				909926361C97094D006A7741 /* UIView+Constraint.m */,
				9054FF881C85A285003449B7 /* main.m */,
			);
			name = "Supporting Files";
			sourceTree = "<group>";
		};
		90877E9F1C89882D004F8C52 /* Entity */ = {
			isa = PBXGroup;
			children = (
				90E0E9D01C96CC3600C6D4AC /* Event+CoreDataProperties.h */,
				90E0E9D11C96CC3600C6D4AC /* Event+CoreDataProperties.m */,
				90E0E9D21C96CC3600C6D4AC /* Event.h */,
				90E0E9D31C96CC3600C6D4AC /* Event.m */,
				90E0E9D41C96CC3600C6D4AC /* Segment+CoreDataProperties.h */,
				90E0E9D51C96CC3600C6D4AC /* Segment+CoreDataProperties.m */,
				90E0E9D61C96CC3600C6D4AC /* Segment.h */,
				90E0E9D71C96CC3600C6D4AC /* Segment.m */,
				90E0E9D81C96CC3600C6D4AC /* Genre+CoreDataProperties.h */,
				90E0E9D91C96CC3600C6D4AC /* Genre+CoreDataProperties.m */,
				90E0E9DA1C96CC3600C6D4AC /* Genre.h */,
				90E0E9DB1C96CC3600C6D4AC /* Genre.m */,
			);
			path = Entity;
			sourceTree = "<group>";
		};
		90877EC41C89C081004F8C52 /* DetailViewController */ = {
			isa = PBXGroup;
			children = (
				90877EC51C89C0A4004F8C52 /* DetailViewController.h */,
				90877EC61C89C0A4004F8C52 /* DetailViewController.m */,
			);
			path = DetailViewController;
			sourceTree = "<group>";
		};
		9099262B1C96E456006A7741 /* cell */ = {
			isa = PBXGroup;
			children = (
				909926321C96E78E006A7741 /* CategoryReusableView.h */,
				909926331C96E78E006A7741 /* CategoryReusableView.m */,
				909926301C96E74E006A7741 /* ContentViewCell.h */,
				9099262F1C96E74E006A7741 /* ContentViewCell.m */,
			);
			path = cell;
			sourceTree = "<group>";
		};
		90D913741C870AB1005E5972 /* Core */ = {
			isa = PBXGroup;
			children = (
				90D913761C870AF0005E5972 /* Core.h */,
				90D913771C870AF0005E5972 /* Core.m */,
				90D913791C870AF3005E5972 /* DataBaseManager */,
				90D9137B1C870B10005E5972 /* HttpClient */,
				90D9137A1C870B03005E5972 /* ParseManager */,
			);
			path = Core;
			sourceTree = "<group>";
		};
		90D913751C870ABE005E5972 /* ViewController */ = {
			isa = PBXGroup;
			children = (
				9099262B1C96E456006A7741 /* cell */,
				9016145E1C96C14A00B0870D /* carousel */,
				9054FF8D1C85A285003449B7 /* ViewController.h */,
				9054FF8E1C85A285003449B7 /* ViewController.m */,
			);
			path = ViewController;
			sourceTree = "<group>";
		};
		90D913791C870AF3005E5972 /* DataBaseManager */ = {
			isa = PBXGroup;
			children = (
				90877EC11C898D49004F8C52 /* NSManagedObject+extension.h */,
				90877EC21C898D49004F8C52 /* NSManagedObject+extension.m */,
				90877E9F1C89882D004F8C52 /* Entity */,
				90877E9C1C898625004F8C52 /* TMKAppTV.xcdatamodeld */,
				90877EAC1C89888B004F8C52 /* DatabaseManager.h */,
				90877EAD1C89888B004F8C52 /* DatabaseManager.m */,
			);
			path = DataBaseManager;
			sourceTree = "<group>";
		};
		90D9137A1C870B03005E5972 /* ParseManager */ = {
			isa = PBXGroup;
			children = (
				9089930F1C888B0A005ABDA3 /* ParserManager.h */,
				908993101C888B0A005ABDA3 /* ParserManager.m */,
			);
			path = ParseManager;
			sourceTree = "<group>";
		};
		90D9137B1C870B10005E5972 /* HttpClient */ = {
			isa = PBXGroup;
			children = (
				90D9137C1C870CC4005E5972 /* HTTPClient.h */,
				90D9137D1C870CC4005E5972 /* HTTPClient.m */,
			);
			path = HttpClient;
			sourceTree = "<group>";
		};
/* End PBXGroup section */

/* Begin PBXNativeTarget section */
		9054FF831C85A285003449B7 /* TMK_AppTV */ = {
			isa = PBXNativeTarget;
			buildConfigurationList = 9054FF981C85A285003449B7 /* Build configuration list for PBXNativeTarget "TMK_AppTV" */;
			buildPhases = (
				928C8F619DB08E6525F1B91C /* Check Pods Manifest.lock */,
				9054FF801C85A285003449B7 /* Sources */,
				9054FF811C85A285003449B7 /* Frameworks */,
				9054FF821C85A285003449B7 /* Resources */,
				44B76275E1F4D61A9247C8BA /* Embed Pods Frameworks */,
				8DA0012CA99AD7F494F2B207 /* Copy Pods Resources */,
			);
			buildRules = (
			);
			dependencies = (
			);
			name = TMK_AppTV;
			productName = TMK_AppTV;
			productReference = 9054FF841C85A285003449B7 /* TMK_AppTV.app */;
			productType = "com.apple.product-type.application";
		};
/* End PBXNativeTarget section */

/* Begin PBXProject section */
		9054FF7C1C85A285003449B7 /* Project object */ = {
			isa = PBXProject;
			attributes = {
				LastUpgradeCheck = 0720;
				ORGANIZATIONNAME = "Vitalii Obertynskyi";
				TargetAttributes = {
					9054FF831C85A285003449B7 = {
						CreatedOnToolsVersion = 7.2.1;
					};
				};
			};
			buildConfigurationList = 9054FF7F1C85A285003449B7 /* Build configuration list for PBXProject "TMK_AppTV" */;
			compatibilityVersion = "Xcode 3.2";
			developmentRegion = English;
			hasScannedForEncodings = 0;
			knownRegions = (
				en,
				Base,
			);
			mainGroup = 9054FF7B1C85A285003449B7;
			productRefGroup = 9054FF851C85A285003449B7 /* Products */;
			projectDirPath = "";
			projectRoot = "";
			targets = (
				9054FF831C85A285003449B7 /* TMK_AppTV */,
			);
		};
/* End PBXProject section */

/* Begin PBXResourcesBuildPhase section */
		9054FF821C85A285003449B7 /* Resources */ = {
			isa = PBXResourcesBuildPhase;
			buildActionMask = 2147483647;
			files = (
				9054FF941C85A285003449B7 /* Assets.xcassets in Resources */,
				9054FF921C85A285003449B7 /* Main.storyboard in Resources */,
			);
			runOnlyForDeploymentPostprocessing = 0;
		};
/* End PBXResourcesBuildPhase section */

/* Begin PBXShellScriptBuildPhase section */
		44B76275E1F4D61A9247C8BA /* Embed Pods Frameworks */ = {
			isa = PBXShellScriptBuildPhase;
			buildActionMask = 2147483647;
			files = (
			);
			inputPaths = (
			);
			name = "Embed Pods Frameworks";
			outputPaths = (
			);
			runOnlyForDeploymentPostprocessing = 0;
			shellPath = /bin/sh;
			shellScript = "\"${SRCROOT}/Pods/Target Support Files/Pods/Pods-frameworks.sh\"\n";
			showEnvVarsInLog = 0;
		};
		8DA0012CA99AD7F494F2B207 /* Copy Pods Resources */ = {
			isa = PBXShellScriptBuildPhase;
			buildActionMask = 2147483647;
			files = (
			);
			inputPaths = (
			);
			name = "Copy Pods Resources";
			outputPaths = (
			);
			runOnlyForDeploymentPostprocessing = 0;
			shellPath = /bin/sh;
			shellScript = "\"${SRCROOT}/Pods/Target Support Files/Pods/Pods-resources.sh\"\n";
			showEnvVarsInLog = 0;
		};
		928C8F619DB08E6525F1B91C /* Check Pods Manifest.lock */ = {
			isa = PBXShellScriptBuildPhase;
			buildActionMask = 2147483647;
			files = (
			);
			inputPaths = (
			);
			name = "Check Pods Manifest.lock";
			outputPaths = (
			);
			runOnlyForDeploymentPostprocessing = 0;
			shellPath = /bin/sh;
			shellScript = "diff \"${PODS_ROOT}/../Podfile.lock\" \"${PODS_ROOT}/Manifest.lock\" > /dev/null\nif [[ $? != 0 ]] ; then\n    cat << EOM\nerror: The sandbox is not in sync with the Podfile.lock. Run 'pod install' or update your CocoaPods installation.\nEOM\n    exit 1\nfi\n";
			showEnvVarsInLog = 0;
		};
/* End PBXShellScriptBuildPhase section */

/* Begin PBXSourcesBuildPhase section */
		9054FF801C85A285003449B7 /* Sources */ = {
			isa = PBXSourcesBuildPhase;
			buildActionMask = 2147483647;
			files = (
				90E0E9DE1C96CC3600C6D4AC /* Segment+CoreDataProperties.m in Sources */,
				9054FF8F1C85A285003449B7 /* ViewController.m in Sources */,
				909926311C96E74E006A7741 /* ContentViewCell.m in Sources */,
				90877EC71C89C0A4004F8C52 /* DetailViewController.m in Sources */,
				90E0E9DD1C96CC3600C6D4AC /* Event.m in Sources */,
				908993111C888B0A005ABDA3 /* ParserManager.m in Sources */,
				90E0E9E11C96CC3600C6D4AC /* Genre.m in Sources */,
				90E0E9E01C96CC3600C6D4AC /* Genre+CoreDataProperties.m in Sources */,
				9054FF8C1C85A285003449B7 /* AppDelegate.m in Sources */,
				90877EAE1C89888B004F8C52 /* DatabaseManager.m in Sources */,
				90D913781C870AF0005E5972 /* Core.m in Sources */,
				901614611C96C16500B0870D /* CarouselView.m in Sources */,
				90D9137E1C870CC4005E5972 /* HTTPClient.m in Sources */,
				90877E9E1C898625004F8C52 /* TMKAppTV.xcdatamodeld in Sources */,
				90877EC31C898D49004F8C52 /* NSManagedObject+extension.m in Sources */,
				909926371C97094D006A7741 /* UIView+Constraint.m in Sources */,
				9054FF891C85A285003449B7 /* main.m in Sources */,
				90E0E9DC1C96CC3600C6D4AC /* Event+CoreDataProperties.m in Sources */,
				909926341C96E78E006A7741 /* CategoryReusableView.m in Sources */,
				90E0E9DF1C96CC3600C6D4AC /* Segment.m in Sources */,
			);
			runOnlyForDeploymentPostprocessing = 0;
		};
/* End PBXSourcesBuildPhase section */

/* Begin PBXVariantGroup section */
		9054FF901C85A285003449B7 /* Main.storyboard */ = {
			isa = PBXVariantGroup;
			children = (
				9054FF911C85A285003449B7 /* Base */,
			);
			name = Main.storyboard;
			sourceTree = "<group>";
		};
/* End PBXVariantGroup section */

/* Begin XCBuildConfiguration section */
		9054FF961C85A285003449B7 /* Debug */ = {
			isa = XCBuildConfiguration;
			buildSettings = {
				ALWAYS_SEARCH_USER_PATHS = NO;
				CLANG_CXX_LANGUAGE_STANDARD = "gnu++0x";
				CLANG_CXX_LIBRARY = "libc++";
				CLANG_ENABLE_MODULES = YES;
				CLANG_ENABLE_OBJC_ARC = YES;
				CLANG_WARN_BOOL_CONVERSION = YES;
				CLANG_WARN_CONSTANT_CONVERSION = YES;
				CLANG_WARN_DIRECT_OBJC_ISA_USAGE = YES_ERROR;
				CLANG_WARN_EMPTY_BODY = YES;
				CLANG_WARN_ENUM_CONVERSION = YES;
				CLANG_WARN_INT_CONVERSION = YES;
				CLANG_WARN_OBJC_ROOT_CLASS = YES_ERROR;
				CLANG_WARN_UNREACHABLE_CODE = YES;
				CLANG_WARN__DUPLICATE_METHOD_MATCH = YES;
				COPY_PHASE_STRIP = NO;
				DEBUG_INFORMATION_FORMAT = dwarf;
				ENABLE_STRICT_OBJC_MSGSEND = YES;
				ENABLE_TESTABILITY = YES;
				GCC_C_LANGUAGE_STANDARD = gnu99;
				GCC_DYNAMIC_NO_PIC = NO;
				GCC_NO_COMMON_BLOCKS = YES;
				GCC_OPTIMIZATION_LEVEL = 0;
				GCC_PREPROCESSOR_DEFINITIONS = (
					"DEBUG=1",
					"$(inherited)",
				);
				GCC_WARN_64_TO_32_BIT_CONVERSION = YES;
				GCC_WARN_ABOUT_RETURN_TYPE = YES_ERROR;
				GCC_WARN_UNDECLARED_SELECTOR = YES;
				GCC_WARN_UNINITIALIZED_AUTOS = YES_AGGRESSIVE;
				GCC_WARN_UNUSED_FUNCTION = YES;
				GCC_WARN_UNUSED_VARIABLE = YES;
				MTL_ENABLE_DEBUG_INFO = YES;
				ONLY_ACTIVE_ARCH = YES;
				SDKROOT = appletvos;
				TARGETED_DEVICE_FAMILY = 3;
				TVOS_DEPLOYMENT_TARGET = 9.1;
			};
			name = Debug;
		};
		9054FF971C85A285003449B7 /* Release */ = {
			isa = XCBuildConfiguration;
			buildSettings = {
				ALWAYS_SEARCH_USER_PATHS = NO;
				CLANG_CXX_LANGUAGE_STANDARD = "gnu++0x";
				CLANG_CXX_LIBRARY = "libc++";
				CLANG_ENABLE_MODULES = YES;
				CLANG_ENABLE_OBJC_ARC = YES;
				CLANG_WARN_BOOL_CONVERSION = YES;
				CLANG_WARN_CONSTANT_CONVERSION = YES;
				CLANG_WARN_DIRECT_OBJC_ISA_USAGE = YES_ERROR;
				CLANG_WARN_EMPTY_BODY = YES;
				CLANG_WARN_ENUM_CONVERSION = YES;
				CLANG_WARN_INT_CONVERSION = YES;
				CLANG_WARN_OBJC_ROOT_CLASS = YES_ERROR;
				CLANG_WARN_UNREACHABLE_CODE = YES;
				CLANG_WARN__DUPLICATE_METHOD_MATCH = YES;
				COPY_PHASE_STRIP = NO;
				DEBUG_INFORMATION_FORMAT = "dwarf-with-dsym";
				ENABLE_NS_ASSERTIONS = NO;
				ENABLE_STRICT_OBJC_MSGSEND = YES;
				GCC_C_LANGUAGE_STANDARD = gnu99;
				GCC_NO_COMMON_BLOCKS = YES;
				GCC_WARN_64_TO_32_BIT_CONVERSION = YES;
				GCC_WARN_ABOUT_RETURN_TYPE = YES_ERROR;
				GCC_WARN_UNDECLARED_SELECTOR = YES;
				GCC_WARN_UNINITIALIZED_AUTOS = YES_AGGRESSIVE;
				GCC_WARN_UNUSED_FUNCTION = YES;
				GCC_WARN_UNUSED_VARIABLE = YES;
				MTL_ENABLE_DEBUG_INFO = NO;
				SDKROOT = appletvos;
				TARGETED_DEVICE_FAMILY = 3;
				TVOS_DEPLOYMENT_TARGET = 9.1;
				VALIDATE_PRODUCT = YES;
			};
			name = Release;
		};
		9054FF991C85A285003449B7 /* Debug */ = {
			isa = XCBuildConfiguration;
			baseConfigurationReference = 992292AEB8DF980C0D691F74 /* Pods.debug.xcconfig */;
			buildSettings = {
				ASSETCATALOG_COMPILER_APPICON_NAME = "App Icon & Top Shelf Image";
				ASSETCATALOG_COMPILER_LAUNCHIMAGE_NAME = LaunchImage;
				INFOPLIST_FILE = TMK_AppTV/Info.plist;
				LD_RUNPATH_SEARCH_PATHS = "$(inherited) @executable_path/Frameworks";
				PRODUCT_BUNDLE_IDENTIFIER = "com.miraving.TMK-AppTV";
				PRODUCT_NAME = "$(TARGET_NAME)";
				TVOS_DEPLOYMENT_TARGET = 9.1;
			};
			name = Debug;
		};
		9054FF9A1C85A285003449B7 /* Release */ = {
			isa = XCBuildConfiguration;
			baseConfigurationReference = 808FE9801D8A83548E83BCDD /* Pods.release.xcconfig */;
			buildSettings = {
				ASSETCATALOG_COMPILER_APPICON_NAME = "App Icon & Top Shelf Image";
				ASSETCATALOG_COMPILER_LAUNCHIMAGE_NAME = LaunchImage;
				INFOPLIST_FILE = TMK_AppTV/Info.plist;
				LD_RUNPATH_SEARCH_PATHS = "$(inherited) @executable_path/Frameworks";
				PRODUCT_BUNDLE_IDENTIFIER = "com.miraving.TMK-AppTV";
				PRODUCT_NAME = "$(TARGET_NAME)";
				TVOS_DEPLOYMENT_TARGET = 9.1;
			};
			name = Release;
		};
/* End XCBuildConfiguration section */

/* Begin XCConfigurationList section */
		9054FF7F1C85A285003449B7 /* Build configuration list for PBXProject "TMK_AppTV" */ = {
			isa = XCConfigurationList;
			buildConfigurations = (
				9054FF961C85A285003449B7 /* Debug */,
				9054FF971C85A285003449B7 /* Release */,
			);
			defaultConfigurationIsVisible = 0;
			defaultConfigurationName = Release;
		};
		9054FF981C85A285003449B7 /* Build configuration list for PBXNativeTarget "TMK_AppTV" */ = {
			isa = XCConfigurationList;
			buildConfigurations = (
				9054FF991C85A285003449B7 /* Debug */,
				9054FF9A1C85A285003449B7 /* Release */,
			);
			defaultConfigurationIsVisible = 0;
			defaultConfigurationName = Release;
		};
/* End XCConfigurationList section */

/* Begin XCVersionGroup section */
		90877E9C1C898625004F8C52 /* TMKAppTV.xcdatamodeld */ = {
			isa = XCVersionGroup;
			children = (
				90877E9D1C898625004F8C52 /* TMKAppTV.xcdatamodel */,
			);
			currentVersion = 90877E9D1C898625004F8C52 /* TMKAppTV.xcdatamodel */;
			path = TMKAppTV.xcdatamodeld;
			sourceTree = "<group>";
			versionGroupType = wrapper.xcdatamodel;
		};
/* End XCVersionGroup section */
	};
	rootObject = 9054FF7C1C85A285003449B7 /* Project object */;
}
